{
  "name": "PKD36",
  "lockfileVersion": 3,
  "requires": true,
  "packages": {
    "": {
      "dependencies": {
        "tree-model": "^1.0.7"
      }
    },
    "node_modules/find-insert-index": {
      "version": "0.0.1",
      "resolved": "https://registry.npmjs.org/find-insert-index/-/find-insert-index-0.0.1.tgz",
      "integrity": "sha512-eIqFuQzY7XwpAJ3sHWKFNGLx1nm3w/IhmFASETcx5sUuCaOUd3xDqRK/376SzXMVVJQaJUCPlS7L841T0xpFjQ==",
      "license": "MIT"
    },
    "node_modules/mergesort": {
      "version": "0.0.1",
      "resolved": "https://registry.npmjs.org/mergesort/-/mergesort-0.0.1.tgz",
      "integrity": "sha512-WKghTBzqAvTt9rG5TWS78Dmk2kCCL9VkkX8Zi9kKfJ4iqYpvcGGpeYtkhPHa9NZAPLivZiZsdO/LBG3ENayDmQ==",
      "license": "MIT"
    },
    "node_modules/tree-model": {
      "version": "1.0.7",
      "resolved": "https://registry.npmjs.org/tree-model/-/tree-model-1.0.7.tgz",
      "integrity": "sha512-oP4LUbCVtD2gcjcRaeI4L5hY60tHzB+AK/bthIJ2Pq1EUUOio5/xFzPWnGoBZlhtqpqbOkhFDzKIwKLOn0kccQ==",
      "license": "MIT",
      "dependencies": {
        "find-insert-index": "0.0.1",
        "mergesort": "0.0.1"
      }
    }
  }
}
